<Solution>
  <Folder Name="/src/">
    <Project Path="src/Ats.Api/Ats.Api.csproj" />
    <Project Path="src/Ats.Application/Ats.Application.csproj" />
    <Project Path="src/Ats.Domain/Ats.Domain.csproj" />
    <Project Path="src/Ats.Infrastructure/Ats.Infrastructure.csproj" />
    <Project Path="src/Ats.Web/Ats.Web.csproj" />
    <Project Path="src/Ats.Worker/Ats.Worker.csproj" />
  </Folder>
  <Folder Name="/tests/">
    <Project Path="tests/Ats.Tests/Ats.Tests.csproj" />
  </Folder>
</Solution>
